<?xml version="1.0" encoding="utf-8"?>
<Project ToolsVersion="4.0" xmlns="http://schemas.microsoft.com/developer/msbuild/2003">
  <ItemGroup>
    <ClCompile Include="Camera.cpp" />
    <ClCompile Include="GameTimer.cpp" />
    <ClCompile Include="Keyboard.cpp" />
    <ClCompile Include="MD5Anim.cpp" />
    <ClCompile Include="MD5FileData.cpp" />
    <ClCompile Include="MD5Mesh.cpp" />
    <ClCompile Include="MD5Node.cpp" />
    <ClCompile Include="Mouse.cpp" />
    <ClCompile Include="OBJMesh.cpp" />
    <ClCompile Include="OGLRenderer.cpp" />
    <ClCompile Include="Window.cpp" />
    <ClCompile Include="Quaternion.cpp">
      <Filter>Data Types</Filter>
    </ClCompile>
    <ClCompile Include="Matrix4.cpp">
      <Filter>Data Types</Filter>
    </ClCompile>
    <ClCompile Include="Mesh.cpp" />
    <ClCompile Include="Shader.cpp" />
    <ClCompile Include="Renderer.cpp" />
    <ClCompile Include="SceneNode.cpp" />
    <ClCompile Include="Texture.cpp" />
  </ItemGroup>
  <ItemGroup>
    <ClInclude Include="Camera.h" />
    <ClInclude Include="ChildMeshInterface.h" />
    <ClInclude Include="common.h" />
    <ClInclude Include="GameTimer.h" />
    <ClInclude Include="InputDevice.h" />
    <ClInclude Include="Keyboard.h" />
    <ClInclude Include="MD5Anim.h" />
    <ClInclude Include="MD5FileData.h" />
    <ClInclude Include="MD5Mesh.h" />
    <ClInclude Include="MD5Node.h" />
    <ClInclude Include="Mouse.h" />
    <ClInclude Include="OBJMesh.h" />
    <ClInclude Include="OGLRenderer.h" />
    <ClInclude Include="Window.h" />
    <ClInclude Include="Vector2.h">
      <Filter>Data Types</Filter>
    </ClInclude>
    <ClInclude Include="Vector3.h">
      <Filter>Data Types</Filter>
    </ClInclude>
    <ClInclude Include="Vector4.h">
      <Filter>Data Types</Filter>
    </ClInclude>
    <ClInclude Include="Quaternion.h">
      <Filter>Data Types</Filter>
    </ClInclude>
    <ClInclude Include="Matrix4.h">
      <Filter>Data Types</Filter>
    </ClInclude>
    <ClInclude Include="Mesh.h" />
    <ClInclude Include="Shader.h" />
    <ClInclude Include="Renderer.h" />
    <ClInclude Include="SceneNode.h" />
    <ClInclude Include="Texture.h" />
  </ItemGroup>
  <ItemGroup>
    <Filter Include="Data Types">
      <UniqueIdentifier>{67e82a66-7eba-4642-abd4-2cf8653aa911}</UniqueIdentifier>
    </Filter>
  </ItemGroup>
</Project>